
Microsoft Visual Studio Solution File, Format Version 12.00
# Visual Studio Version 17
VisualStudioVersion = 17.0.31903.59
MinimumVisualStudioVersion = 10.0.40219.1
Project("{2150E333-8FDC-42A3-9474-1A3956D46DE8}") = "src", "src", "{1A24B80A-56A7-43B9-AEDB-E70E618F6593}"
EndProject
Project("{2150E333-8FDC-42A3-9474-1A3956D46DE8}") = "Samples", "Samples", "{61A2FCF0-3AD8-46B7-91D4-6F4CA2101005}"
EndProject
Project("{9A19103F-16F7-4668-BE54-9A1E7A4F7556}") = "My.Maui.Responsive.Samples", "src\Samples\My.Maui.Responsive.Samples\My.Maui.Responsive.Samples.csproj", "{C3F4FDA0-E797-4ED6-BD2B-FC7F70A7F418}"
EndProject
Project("{9A19103F-16F7-4668-BE54-9A1E7A4F7556}") = "My.Maui.Responsive", "src\My.Maui.Responsive\My.Maui.Responsive.csproj", "{CBC5F5A0-C1D0-4D5F-91E9-FFE9316C7D01}"
EndProject
Project("{9A19103F-16F7-4668-BE54-9A1E7A4F7556}") = "My.Maui.Responsive.Tests", "src\My.Maui.Responsive.Tests\My.Maui.Responsive.Tests.csproj", "{61955617-8FDC-4A76-8A08-B4A4FBD9A923}"
EndProject
Global
	GlobalSection(SolutionConfigurationPlatforms) = preSolution
		Debug|Any CPU = Debug|Any CPU
		Release|Any CPU = Release|Any CPU
	EndGlobalSection
	GlobalSection(ProjectConfigurationPlatforms) = postSolution
		{C3F4FDA0-E797-4ED6-BD2B-FC7F70A7F418}.Debug|Any CPU.ActiveCfg = Debug|Any CPU
		{C3F4FDA0-E797-4ED6-BD2B-FC7F70A7F418}.Debug|Any CPU.Build.0 = Debug|Any CPU
		{C3F4FDA0-E797-4ED6-BD2B-FC7F70A7F418}.Debug|Any CPU.Deploy.0 = Debug|Any CPU
		{C3F4FDA0-E797-4ED6-BD2B-FC7F70A7F418}.Release|Any CPU.ActiveCfg = Release|Any CPU
		{C3F4FDA0-E797-4ED6-BD2B-FC7F70A7F418}.Release|Any CPU.Build.0 = Release|Any CPU
		{CBC5F5A0-C1D0-4D5F-91E9-FFE9316C7D01}.Debug|Any CPU.ActiveCfg = Debug|Any CPU
		{CBC5F5A0-C1D0-4D5F-91E9-FFE9316C7D01}.Debug|Any CPU.Build.0 = Debug|Any CPU
		{CBC5F5A0-C1D0-4D5F-91E9-FFE9316C7D01}.Release|Any CPU.ActiveCfg = Release|Any CPU
		{CBC5F5A0-C1D0-4D5F-91E9-FFE9316C7D01}.Release|Any CPU.Build.0 = Release|Any CPU
		{61955617-8FDC-4A76-8A08-B4A4FBD9A923}.Debug|Any CPU.ActiveCfg = Debug|Any CPU
		{61955617-8FDC-4A76-8A08-B4A4FBD9A923}.Debug|Any CPU.Build.0 = Debug|Any CPU
		{61955617-8FDC-4A76-8A08-B4A4FBD9A923}.Release|Any CPU.ActiveCfg = Release|Any CPU
		{61955617-8FDC-4A76-8A08-B4A4FBD9A923}.Release|Any CPU.Build.0 = Release|Any CPU
	EndGlobalSection
	GlobalSection(SolutionProperties) = preSolution
		HideSolutionNode = FALSE
	EndGlobalSection
	GlobalSection(NestedProjects) = preSolution
		{61A2FCF0-3AD8-46B7-91D4-6F4CA2101005} = {1A24B80A-56A7-43B9-AEDB-E70E618F6593}
		{C3F4FDA0-E797-4ED6-BD2B-FC7F70A7F418} = {61A2FCF0-3AD8-46B7-91D4-6F4CA2101005}
		{CBC5F5A0-C1D0-4D5F-91E9-FFE9316C7D01} = {1A24B80A-56A7-43B9-AEDB-E70E618F6593}
		{61955617-8FDC-4A76-8A08-B4A4FBD9A923} = {1A24B80A-56A7-43B9-AEDB-E70E618F6593}
	EndGlobalSection
EndGlobal
